
Microsoft Visual Studio Solution File, Format Version 12.00
# Visual Studio Version 16
VisualStudioVersion = 16.0.32228.343
MinimumVisualStudioVersion = 10.0.40219.1
Project("{FAE04EC0-301F-11D3-BF4B-00C04F79EFBC}") = "LinkedListDSA", "LinkedListDSA\LinkedListDSA.csproj", "{3E359585-CED7-4F8E-9024-0EE862362A64}"
EndProject
Global
	GlobalSection(SolutionConfigurationPlatforms) = preSolution
		Debug|Any CPU = Debug|Any CPU
		Release|Any CPU = Release|Any CPU
	EndGlobalSection
	GlobalSection(ProjectConfigurationPlatforms) = postSolution
		{3E359585-CED7-4F8E-9024-0EE862362A64}.Debug|Any CPU.ActiveCfg = Debug|Any CPU
		{3E359585-CED7-4F8E-9024-0EE862362A64}.Debug|Any CPU.Build.0 = Debug|Any CPU
		{3E359585-CED7-4F8E-9024-0EE862362A64}.Release|Any CPU.ActiveCfg = Release|Any CPU
		{3E359585-CED7-4F8E-9024-0EE862362A64}.Release|Any CPU.Build.0 = Release|Any CPU
	EndGlobalSection
	GlobalSection(SolutionProperties) = preSolution
		HideSolutionNode = FALSE
	EndGlobalSection
	GlobalSection(ExtensibilityGlobals) = postSolution
		SolutionGuid = {538F326B-F7D3-43EF-9BC2-DB3B57D2F651}
	EndGlobalSection
EndGlobal
